
Microsoft Visual Studio Solution File, Format Version 12.00
# Visual Studio 14
VisualStudioVersion = 14.0.25420.1
MinimumVisualStudioVersion = 10.0.40219.1
Project("{FAE04EC0-301F-11D3-BF4B-00C04F79EFBC}") = "Dauber.Azure.DocumentDb", "Dauber.Azure.DocumentDb\Dauber.Azure.DocumentDb.csproj", "{8F4DFA70-BFE1-4385-8905-9AC2843D72F2}"
EndProject
Project("{FAE04EC0-301F-11D3-BF4B-00C04F79EFBC}") = "Dauber.Cqrs.Azure.ServiceBus", "Dauber.Cqrs.Azure.ServiceBus\Dauber.Cqrs.Azure.ServiceBus.csproj", "{715D0BDA-3FE2-49CF-A69E-90FB93E7E679}"
EndProject
Project("{FAE04EC0-301F-11D3-BF4B-00C04F79EFBC}") = "Dauber.Azure.Blob", "Dauber.Azure.Blob\Dauber.Azure.Blob.csproj", "{BB38975B-D995-43FD-9EAC-1DF62D3A5664}"
EndProject
Global
	GlobalSection(SolutionConfigurationPlatforms) = preSolution
		Debug|Any CPU = Debug|Any CPU
		Release|Any CPU = Release|Any CPU
	EndGlobalSection
	GlobalSection(ProjectConfigurationPlatforms) = postSolution
		{8F4DFA70-BFE1-4385-8905-9AC2843D72F2}.Debug|Any CPU.ActiveCfg = Debug|Any CPU
		{8F4DFA70-BFE1-4385-8905-9AC2843D72F2}.Debug|Any CPU.Build.0 = Debug|Any CPU
		{8F4DFA70-BFE1-4385-8905-9AC2843D72F2}.Release|Any CPU.ActiveCfg = Release|Any CPU
		{8F4DFA70-BFE1-4385-8905-9AC2843D72F2}.Release|Any CPU.Build.0 = Release|Any CPU
		{715D0BDA-3FE2-49CF-A69E-90FB93E7E679}.Debug|Any CPU.ActiveCfg = Debug|Any CPU
		{715D0BDA-3FE2-49CF-A69E-90FB93E7E679}.Debug|Any CPU.Build.0 = Debug|Any CPU
		{715D0BDA-3FE2-49CF-A69E-90FB93E7E679}.Release|Any CPU.ActiveCfg = Release|Any CPU
		{715D0BDA-3FE2-49CF-A69E-90FB93E7E679}.Release|Any CPU.Build.0 = Release|Any CPU
		{BB38975B-D995-43FD-9EAC-1DF62D3A5664}.Debug|Any CPU.ActiveCfg = Debug|Any CPU
		{BB38975B-D995-43FD-9EAC-1DF62D3A5664}.Debug|Any CPU.Build.0 = Debug|Any CPU
		{BB38975B-D995-43FD-9EAC-1DF62D3A5664}.Release|Any CPU.ActiveCfg = Release|Any CPU
		{BB38975B-D995-43FD-9EAC-1DF62D3A5664}.Release|Any CPU.Build.0 = Release|Any CPU
	EndGlobalSection
	GlobalSection(SolutionProperties) = preSolution
		HideSolutionNode = FALSE
	EndGlobalSection
EndGlobal
