
Microsoft Visual Studio Solution File, Format Version 12.00
# Visual Studio Version 16
VisualStudioVersion = 16.0.29306.81
MinimumVisualStudioVersion = 10.0.40219.1
Project("{2150E333-8FDC-42A3-9474-1A3956D46DE8}") = "Test", "Test", "{779EC665-8266-4608-B21C-F3C731F7F396}"
EndProject
Project("{9A19103F-16F7-4668-BE54-9A1E7A4F7556}") = "Dauber.Cqrs.Contracts", "Dauber.Cqrs.Contracts\Dauber.Cqrs.Contracts.csproj", "{8745706B-FB02-461F-8AB5-FD71BF4F45C8}"
EndProject
Project("{9A19103F-16F7-4668-BE54-9A1E7A4F7556}") = "Dauber.Cqrs.Saga", "Dauber.Cqrs.Saga\Dauber.Cqrs.Saga.csproj", "{31878E8A-6C2E-45E0-ADF1-88F44F6BD822}"
EndProject
Project("{9A19103F-16F7-4668-BE54-9A1E7A4F7556}") = "Dauber.Azure.Blob.Contracts", "Dauber.Azure.Blob.Contracts\Dauber.Azure.Blob.Contracts.csproj", "{382761E6-5CAC-492D-B2DC-9982D1297FF1}"
EndProject
Project("{9A19103F-16F7-4668-BE54-9A1E7A4F7556}") = "Dauber.Azure.Blob", "Dauber.Azure.Blob\Dauber.Azure.Blob.csproj", "{C9F60700-D96D-4301-B828-513D5EA5689E}"
EndProject
Project("{9A19103F-16F7-4668-BE54-9A1E7A4F7556}") = "Dauber.Azure.ServiceBus", "Dauber.Azure.ServiceBus\Dauber.Azure.ServiceBus.csproj", "{C8ACE8D2-7171-4457-A679-1938F7B6B29D}"
EndProject
Project("{9A19103F-16F7-4668-BE54-9A1E7A4F7556}") = "Dauber.Cqrs.Azure.Saga", "Dauber.Cqrs.Azure.Saga\Dauber.Cqrs.Azure.Saga.csproj", "{E68ED77C-1B74-4665-984D-837994C21E47}"
EndProject
Project("{9A19103F-16F7-4668-BE54-9A1E7A4F7556}") = "Dauber.Cqrs.Azure.ServiceBus", "Dauber.Cqrs.Azure.ServiceBus\Dauber.Cqrs.Azure.ServiceBus.csproj", "{0B75F39D-5E9A-47FA-8AC6-F5ED290A7CD9}"
EndProject
Project("{9A19103F-16F7-4668-BE54-9A1E7A4F7556}") = "Dauber.Azure.DocumentDB.Test", "Dauber.Azure.DocumentDB.Test\Dauber.Azure.DocumentDB.Test.csproj", "{89D7E70B-5500-4C60-BDEF-3D76CDE52944}"
EndProject
Project("{9A19103F-16F7-4668-BE54-9A1E7A4F7556}") = "Dauber.Azure.DocumentDB", "Dauber.Azure.DocumentDB\Dauber.Azure.DocumentDB.csproj", "{6DCA0683-AB00-4269-8B23-593075B975BD}"
EndProject
Project("{9A19103F-16F7-4668-BE54-9A1E7A4F7556}") = "Dauber.Azure.EventHub", "Dauber.Azure.EventHub\Dauber.Azure.EventHub.csproj", "{D14EC15F-337A-4658-94B8-1B7A276371E0}"
EndProject
Project("{9A19103F-16F7-4668-BE54-9A1E7A4F7556}") = "Dauber.Cqrs.Azure.EventHub", "Dauber.Cqrs.Azure.EventHub\Dauber.Cqrs.Azure.EventHub.csproj", "{7666718D-5B02-474F-932D-DFDF40A5A67F}"
EndProject
Project("{9A19103F-16F7-4668-BE54-9A1E7A4F7556}") = "Dauber.Azure.EventHub.Contracts", "Dauber.Azure.EventHub.Contracts\Dauber.Azure.EventHub.Contracts.csproj", "{5AD73613-DAEA-4BED-B194-3C6204F4B261}"
EndProject
Project("{9A19103F-16F7-4668-BE54-9A1E7A4F7556}") = "Dauber.Cqrs.Azure.Composite", "Dauber.Cqrs.Azure.Composite\Dauber.Cqrs.Azure.Composite.csproj", "{89EDBE9C-B787-4D54-ADE4-5571B5D9379A}"
EndProject
Project("{9A19103F-16F7-4668-BE54-9A1E7A4F7556}") = "Dauber.Azure.Settings", "Dauber.Azure.Settings\Dauber.Azure.Settings.csproj", "{04984743-280B-4286-954A-342289A80646}"
EndProject
Project("{9A19103F-16F7-4668-BE54-9A1E7A4F7556}") = "Dauber.Azure.Settings.Test", "Dauber.Azure.Settings.Test\Dauber.Azure.Settings.Test.csproj", "{9A0E7457-230A-407E-B479-AF7AEDF66B68}"
EndProject
Project("{9A19103F-16F7-4668-BE54-9A1E7A4F7556}") = "Dauber.Azure.ApplicationInsights", "Dauber.Azure.ApplicationInsights\Dauber.Azure.ApplicationInsights.csproj", "{5B79C716-A83F-49B6-993C-DC289F46516A}"
EndProject
Project("{9A19103F-16F7-4668-BE54-9A1E7A4F7556}") = "Dauber.Azure.DocumentDB.ApplicationInsights", "Dauber.Azure.DocumentDB.ApplicationInsights\Dauber.Azure.DocumentDB.ApplicationInsights.csproj", "{6ACD15BE-F119-45CF-9547-1215DBED23CF}"
EndProject
Project("{FAE04EC0-301F-11D3-BF4B-00C04F79EFBC}") = "Dauber.Cqrs.EventStore.Azure", "Dauber.Cqrs.EventStore.Azure\Dauber.Cqrs.EventStore.Azure.csproj", "{C0A79CEC-7754-47B9-9657-36037C948865}"
EndProject
Project("{FAE04EC0-301F-11D3-BF4B-00C04F79EFBC}") = "Dauber.Cqrs.EventStore.Azure.Test", "Dauber.Cqrs.EventStore.Azure.Test\Dauber.Cqrs.EventStore.Azure.Test.csproj", "{7FDEB769-B692-4693-A08E-8C09F8D6859C}"
EndProject
Global
	GlobalSection(SolutionConfigurationPlatforms) = preSolution
		Debug|Any CPU = Debug|Any CPU
		Release|Any CPU = Release|Any CPU
	EndGlobalSection
	GlobalSection(ProjectConfigurationPlatforms) = postSolution
		{8745706B-FB02-461F-8AB5-FD71BF4F45C8}.Debug|Any CPU.ActiveCfg = Debug|Any CPU
		{8745706B-FB02-461F-8AB5-FD71BF4F45C8}.Debug|Any CPU.Build.0 = Debug|Any CPU
		{8745706B-FB02-461F-8AB5-FD71BF4F45C8}.Release|Any CPU.ActiveCfg = Release|Any CPU
		{8745706B-FB02-461F-8AB5-FD71BF4F45C8}.Release|Any CPU.Build.0 = Release|Any CPU
		{31878E8A-6C2E-45E0-ADF1-88F44F6BD822}.Debug|Any CPU.ActiveCfg = Debug|Any CPU
		{31878E8A-6C2E-45E0-ADF1-88F44F6BD822}.Debug|Any CPU.Build.0 = Debug|Any CPU
		{31878E8A-6C2E-45E0-ADF1-88F44F6BD822}.Release|Any CPU.ActiveCfg = Release|Any CPU
		{31878E8A-6C2E-45E0-ADF1-88F44F6BD822}.Release|Any CPU.Build.0 = Release|Any CPU
		{382761E6-5CAC-492D-B2DC-9982D1297FF1}.Debug|Any CPU.ActiveCfg = Debug|Any CPU
		{382761E6-5CAC-492D-B2DC-9982D1297FF1}.Debug|Any CPU.Build.0 = Debug|Any CPU
		{382761E6-5CAC-492D-B2DC-9982D1297FF1}.Release|Any CPU.ActiveCfg = Release|Any CPU
		{382761E6-5CAC-492D-B2DC-9982D1297FF1}.Release|Any CPU.Build.0 = Release|Any CPU
		{C9F60700-D96D-4301-B828-513D5EA5689E}.Debug|Any CPU.ActiveCfg = Debug|Any CPU
		{C9F60700-D96D-4301-B828-513D5EA5689E}.Debug|Any CPU.Build.0 = Debug|Any CPU
		{C9F60700-D96D-4301-B828-513D5EA5689E}.Release|Any CPU.ActiveCfg = Release|Any CPU
		{C9F60700-D96D-4301-B828-513D5EA5689E}.Release|Any CPU.Build.0 = Release|Any CPU
		{C8ACE8D2-7171-4457-A679-1938F7B6B29D}.Debug|Any CPU.ActiveCfg = Debug|Any CPU
		{C8ACE8D2-7171-4457-A679-1938F7B6B29D}.Debug|Any CPU.Build.0 = Debug|Any CPU
		{C8ACE8D2-7171-4457-A679-1938F7B6B29D}.Release|Any CPU.ActiveCfg = Release|Any CPU
		{C8ACE8D2-7171-4457-A679-1938F7B6B29D}.Release|Any CPU.Build.0 = Release|Any CPU
		{E68ED77C-1B74-4665-984D-837994C21E47}.Debug|Any CPU.ActiveCfg = Debug|Any CPU
		{E68ED77C-1B74-4665-984D-837994C21E47}.Debug|Any CPU.Build.0 = Debug|Any CPU
		{E68ED77C-1B74-4665-984D-837994C21E47}.Release|Any CPU.ActiveCfg = Release|Any CPU
		{E68ED77C-1B74-4665-984D-837994C21E47}.Release|Any CPU.Build.0 = Release|Any CPU
		{0B75F39D-5E9A-47FA-8AC6-F5ED290A7CD9}.Debug|Any CPU.ActiveCfg = Debug|Any CPU
		{0B75F39D-5E9A-47FA-8AC6-F5ED290A7CD9}.Debug|Any CPU.Build.0 = Debug|Any CPU
		{0B75F39D-5E9A-47FA-8AC6-F5ED290A7CD9}.Release|Any CPU.ActiveCfg = Release|Any CPU
		{0B75F39D-5E9A-47FA-8AC6-F5ED290A7CD9}.Release|Any CPU.Build.0 = Release|Any CPU
		{89D7E70B-5500-4C60-BDEF-3D76CDE52944}.Debug|Any CPU.ActiveCfg = Debug|Any CPU
		{89D7E70B-5500-4C60-BDEF-3D76CDE52944}.Debug|Any CPU.Build.0 = Debug|Any CPU
		{89D7E70B-5500-4C60-BDEF-3D76CDE52944}.Release|Any CPU.ActiveCfg = Release|Any CPU
		{89D7E70B-5500-4C60-BDEF-3D76CDE52944}.Release|Any CPU.Build.0 = Release|Any CPU
		{6DCA0683-AB00-4269-8B23-593075B975BD}.Debug|Any CPU.ActiveCfg = Debug|Any CPU
		{6DCA0683-AB00-4269-8B23-593075B975BD}.Debug|Any CPU.Build.0 = Debug|Any CPU
		{6DCA0683-AB00-4269-8B23-593075B975BD}.Release|Any CPU.ActiveCfg = Release|Any CPU
		{6DCA0683-AB00-4269-8B23-593075B975BD}.Release|Any CPU.Build.0 = Release|Any CPU
		{D14EC15F-337A-4658-94B8-1B7A276371E0}.Debug|Any CPU.ActiveCfg = Debug|Any CPU
		{D14EC15F-337A-4658-94B8-1B7A276371E0}.Debug|Any CPU.Build.0 = Debug|Any CPU
		{D14EC15F-337A-4658-94B8-1B7A276371E0}.Release|Any CPU.ActiveCfg = Release|Any CPU
		{D14EC15F-337A-4658-94B8-1B7A276371E0}.Release|Any CPU.Build.0 = Release|Any CPU
		{7666718D-5B02-474F-932D-DFDF40A5A67F}.Debug|Any CPU.ActiveCfg = Debug|Any CPU
		{7666718D-5B02-474F-932D-DFDF40A5A67F}.Debug|Any CPU.Build.0 = Debug|Any CPU
		{7666718D-5B02-474F-932D-DFDF40A5A67F}.Release|Any CPU.ActiveCfg = Release|Any CPU
		{7666718D-5B02-474F-932D-DFDF40A5A67F}.Release|Any CPU.Build.0 = Release|Any CPU
		{5AD73613-DAEA-4BED-B194-3C6204F4B261}.Debug|Any CPU.ActiveCfg = Debug|Any CPU
		{5AD73613-DAEA-4BED-B194-3C6204F4B261}.Debug|Any CPU.Build.0 = Debug|Any CPU
		{5AD73613-DAEA-4BED-B194-3C6204F4B261}.Release|Any CPU.ActiveCfg = Release|Any CPU
		{5AD73613-DAEA-4BED-B194-3C6204F4B261}.Release|Any CPU.Build.0 = Release|Any CPU
		{89EDBE9C-B787-4D54-ADE4-5571B5D9379A}.Debug|Any CPU.ActiveCfg = Debug|Any CPU
		{89EDBE9C-B787-4D54-ADE4-5571B5D9379A}.Debug|Any CPU.Build.0 = Debug|Any CPU
		{89EDBE9C-B787-4D54-ADE4-5571B5D9379A}.Release|Any CPU.ActiveCfg = Release|Any CPU
		{89EDBE9C-B787-4D54-ADE4-5571B5D9379A}.Release|Any CPU.Build.0 = Release|Any CPU
		{04984743-280B-4286-954A-342289A80646}.Debug|Any CPU.ActiveCfg = Debug|Any CPU
		{04984743-280B-4286-954A-342289A80646}.Debug|Any CPU.Build.0 = Debug|Any CPU
		{04984743-280B-4286-954A-342289A80646}.Release|Any CPU.ActiveCfg = Release|Any CPU
		{04984743-280B-4286-954A-342289A80646}.Release|Any CPU.Build.0 = Release|Any CPU
		{9A0E7457-230A-407E-B479-AF7AEDF66B68}.Debug|Any CPU.ActiveCfg = Debug|Any CPU
		{9A0E7457-230A-407E-B479-AF7AEDF66B68}.Debug|Any CPU.Build.0 = Debug|Any CPU
		{9A0E7457-230A-407E-B479-AF7AEDF66B68}.Release|Any CPU.ActiveCfg = Release|Any CPU
		{9A0E7457-230A-407E-B479-AF7AEDF66B68}.Release|Any CPU.Build.0 = Release|Any CPU
		{5B79C716-A83F-49B6-993C-DC289F46516A}.Debug|Any CPU.ActiveCfg = Debug|Any CPU
		{5B79C716-A83F-49B6-993C-DC289F46516A}.Debug|Any CPU.Build.0 = Debug|Any CPU
		{5B79C716-A83F-49B6-993C-DC289F46516A}.Release|Any CPU.ActiveCfg = Release|Any CPU
		{5B79C716-A83F-49B6-993C-DC289F46516A}.Release|Any CPU.Build.0 = Release|Any CPU
		{6ACD15BE-F119-45CF-9547-1215DBED23CF}.Debug|Any CPU.ActiveCfg = Debug|Any CPU
		{6ACD15BE-F119-45CF-9547-1215DBED23CF}.Debug|Any CPU.Build.0 = Debug|Any CPU
		{6ACD15BE-F119-45CF-9547-1215DBED23CF}.Release|Any CPU.ActiveCfg = Release|Any CPU
		{6ACD15BE-F119-45CF-9547-1215DBED23CF}.Release|Any CPU.Build.0 = Release|Any CPU
		{C0A79CEC-7754-47B9-9657-36037C948865}.Debug|Any CPU.ActiveCfg = Debug|Any CPU
		{C0A79CEC-7754-47B9-9657-36037C948865}.Debug|Any CPU.Build.0 = Debug|Any CPU
		{C0A79CEC-7754-47B9-9657-36037C948865}.Release|Any CPU.ActiveCfg = Release|Any CPU
		{C0A79CEC-7754-47B9-9657-36037C948865}.Release|Any CPU.Build.0 = Release|Any CPU
		{7FDEB769-B692-4693-A08E-8C09F8D6859C}.Debug|Any CPU.ActiveCfg = Debug|Any CPU
		{7FDEB769-B692-4693-A08E-8C09F8D6859C}.Debug|Any CPU.Build.0 = Debug|Any CPU
		{7FDEB769-B692-4693-A08E-8C09F8D6859C}.Release|Any CPU.ActiveCfg = Release|Any CPU
		{7FDEB769-B692-4693-A08E-8C09F8D6859C}.Release|Any CPU.Build.0 = Release|Any CPU
	EndGlobalSection
	GlobalSection(SolutionProperties) = preSolution
		HideSolutionNode = FALSE
	EndGlobalSection
	GlobalSection(NestedProjects) = preSolution
		{89D7E70B-5500-4C60-BDEF-3D76CDE52944} = {779EC665-8266-4608-B21C-F3C731F7F396}
		{9A0E7457-230A-407E-B479-AF7AEDF66B68} = {779EC665-8266-4608-B21C-F3C731F7F396}
		{7FDEB769-B692-4693-A08E-8C09F8D6859C} = {779EC665-8266-4608-B21C-F3C731F7F396}
	EndGlobalSection
	GlobalSection(ExtensibilityGlobals) = postSolution
		SolutionGuid = {6F3F8285-269F-4A95-B3DA-A86C4E1D02C5}
	EndGlobalSection
EndGlobal
